[[package]]
name = "std::author"
version = "1.0.2"
checksum = "ebe59f0c529a8a21690772ae4cd28b9c386bb3b948a0df10a2a0e7d8b4707293"
source = "https://s3-ap-southeast-1.amazonaws.com/registry.uwe.app"

[[package]]
name = "std::core"
version = "4.1.12"
checksum = "927cc884bd2fcbc4cb5b11112ce6fb525359b6738f1ca475dc6baec39ff3199b"
source = "https://s3-ap-southeast-1.amazonaws.com/registry.uwe.app"

[[package]]
name = "std::feed"
version = "2.0.0"
checksum = "72ecb3d8b1ca61e47126e8bc0722d03a33d834c120c0e2c0a2e3428e9db96512"
source = "https://s3-ap-southeast-1.amazonaws.com/registry.uwe.app"

[[package]]
name = "std::search"
version = "1.0.0"
checksum = "38eb06537059e85f32ebd3303ce6b610681855d337c7f5fb93c9ab3039682b9d"
source = "https://s3-ap-southeast-1.amazonaws.com/registry.uwe.app"

[[package]]
name = "std::syntax"
version = "1.0.0"
checksum = "323fcd0611640b1577065c00a89672a16dc541f0920d3e50f289c28e73d66f01"
source = "https://s3-ap-southeast-1.amazonaws.com/registry.uwe.app"
